{
  "requires": true,
  "lockfileVersion": 1,
  "dependencies": {
    "@vanillawc/wc-markdown": {
      "version": "1.6.3",
      "resolved": "https://registry.npmjs.org/@vanillawc/wc-markdown/-/wc-markdown-1.6.3.tgz",
      "integrity": "sha512-goRCYK+Icz17ja0+dJKLo/3M5QbR4QcW3VgimOX9J+FpOfJQqSEYW6QLQ+EVyte/81Hmjc8RscHaQUyCItuIWA=="
    }
  }
}
